
Microsoft Visual Studio Solution File, Format Version 12.00
# Visual Studio Version 17
VisualStudioVersion = 17.0.32014.148
MinimumVisualStudioVersion = 10.0.40219.1
Project("{8BC9CEB8-8B4A-11D0-8D11-00A0C91BC942}") = "Bronze_V_2914", "Bronze_V_2914.vcxproj", "{DD5F7587-B417-4E5F-89D6-88E4F2824AC0}"
EndProject
Global
	GlobalSection(SolutionConfigurationPlatforms) = preSolution
		Debug|x64 = Debug|x64
		Debug|x86 = Debug|x86
		Release|x64 = Release|x64
		Release|x86 = Release|x86
	EndGlobalSection
	GlobalSection(ProjectConfigurationPlatforms) = postSolution
		{DD5F7587-B417-4E5F-89D6-88E4F2824AC0}.Debug|x64.ActiveCfg = Debug|x64
		{DD5F7587-B417-4E5F-89D6-88E4F2824AC0}.Debug|x64.Build.0 = Debug|x64
		{DD5F7587-B417-4E5F-89D6-88E4F2824AC0}.Debug|x86.ActiveCfg = Debug|Win32
		{DD5F7587-B417-4E5F-89D6-88E4F2824AC0}.Debug|x86.Build.0 = Debug|Win32
		{DD5F7587-B417-4E5F-89D6-88E4F2824AC0}.Release|x64.ActiveCfg = Release|x64
		{DD5F7587-B417-4E5F-89D6-88E4F2824AC0}.Release|x64.Build.0 = Release|x64
		{DD5F7587-B417-4E5F-89D6-88E4F2824AC0}.Release|x86.ActiveCfg = Release|Win32
		{DD5F7587-B417-4E5F-89D6-88E4F2824AC0}.Release|x86.Build.0 = Release|Win32
	EndGlobalSection
	GlobalSection(SolutionProperties) = preSolution
		HideSolutionNode = FALSE
	EndGlobalSection
	GlobalSection(ExtensibilityGlobals) = postSolution
		SolutionGuid = {B25EABAA-6B10-4A60-9205-BCB664335D9B}
	EndGlobalSection
EndGlobal
